
Microsoft Visual Studio Solution File, Format Version 12.00
# Visual Studio Version 16
VisualStudioVersion = 16.0.28803.156
MinimumVisualStudioVersion = 10.0.40219.1
Project("{FAE04EC0-301F-11D3-BF4B-00C04F79EFBC}") = "Serializer", "Serializer\Serializer.csproj", "{A041214F-CCDE-4323-A546-44AAABE51276}"
EndProject
Project("{FAE04EC0-301F-11D3-BF4B-00C04F79EFBC}") = "TestApp", "TestApp\TestApp.csproj", "{6FEC310C-E685-46A0-8756-2E229556CC57}"
EndProject
Global
	GlobalSection(SolutionConfigurationPlatforms) = preSolution
		Debug|Any CPU = Debug|Any CPU
		Release|Any CPU = Release|Any CPU
	EndGlobalSection
	GlobalSection(ProjectConfigurationPlatforms) = postSolution
		{A041214F-CCDE-4323-A546-44AAABE51276}.Debug|Any CPU.ActiveCfg = Debug|Any CPU
		{A041214F-CCDE-4323-A546-44AAABE51276}.Debug|Any CPU.Build.0 = Debug|Any CPU
		{A041214F-CCDE-4323-A546-44AAABE51276}.Release|Any CPU.ActiveCfg = Release|Any CPU
		{A041214F-CCDE-4323-A546-44AAABE51276}.Release|Any CPU.Build.0 = Release|Any CPU
		{6FEC310C-E685-46A0-8756-2E229556CC57}.Debug|Any CPU.ActiveCfg = Debug|Any CPU
		{6FEC310C-E685-46A0-8756-2E229556CC57}.Debug|Any CPU.Build.0 = Debug|Any CPU
		{6FEC310C-E685-46A0-8756-2E229556CC57}.Release|Any CPU.ActiveCfg = Release|Any CPU
		{6FEC310C-E685-46A0-8756-2E229556CC57}.Release|Any CPU.Build.0 = Release|Any CPU
	EndGlobalSection
	GlobalSection(SolutionProperties) = preSolution
		HideSolutionNode = FALSE
	EndGlobalSection
	GlobalSection(ExtensibilityGlobals) = postSolution
		SolutionGuid = {20DA4AB8-5D5E-4A47-9B35-28AF3D821203}
	EndGlobalSection
EndGlobal
